<?xml version="1.0" encoding="utf-8"?>
<Project ToolsVersion="4.0" xmlns="http://schemas.microsoft.com/developer/msbuild/2003">
  <ItemGroup>
    <Filter Include="源文件">
      <UniqueIdentifier>{4FC737F1-C7A5-4376-A066-2A32D752A2FF}</UniqueIdentifier>
      <Extensions>cpp;c;cc;cxx;def;odl;idl;hpj;bat;asm;asmx</Extensions>
    </Filter>
    <Filter Include="头文件">
      <UniqueIdentifier>{93995380-89BD-4b04-88EB-625FBE52EBFB}</UniqueIdentifier>
      <Extensions>h;hh;hpp;hxx;hm;inl;inc;xsd</Extensions>
    </Filter>
    <Filter Include="资源文件">
      <UniqueIdentifier>{67DA6AB6-F800-4c08-8B7A-83BB121AAD01}</UniqueIdentifier>
      <Extensions>rc;ico;cur;bmp;dlg;rc2;rct;bin;rgs;gif;jpg;jpeg;jpe;resx;tiff;tif;png;wav;mfcribbon-ms</Extensions>
    </Filter>
  </ItemGroup>
  <ItemGroup>
    <ClInclude Include="conjugate_gradient_only.h">
      <Filter>头文件</Filter>
    </ClInclude>
    <ClInclude Include="debug.h">
      <Filter>头文件</Filter>
    </ClInclude>
    <ClInclude Include="documentation.h">
      <Filter>头文件</Filter>
    </ClInclude>
    <ClInclude Include="drift.h">
      <Filter>头文件</Filter>
    </ClInclude>
    <ClInclude Include="forward_algorithm.h">
      <Filter>头文件</Filter>
    </ClInclude>
    <ClInclude Include="mt19937.h">
      <Filter>头文件</Filter>
    </ClInclude>
    <ClInclude Include="multispot5.h">
      <Filter>头文件</Filter>
    </ClInclude>
    <ClInclude Include="multispot5_place_choice.h">
      <Filter>头文件</Filter>
    </ClInclude>
    <ClInclude Include="multispot5_place_methods.h">
      <Filter>头文件</Filter>
    </ClInclude>
    <ClInclude Include="numerical_derivatives.h">
      <Filter>头文件</Filter>
    </ClInclude>
    <ClInclude Include="randomc.h">
      <Filter>头文件</Filter>
    </ClInclude>
    <ClInclude Include="sampled_multispot.h">
      <Filter>头文件</Filter>
    </ClInclude>
    <ClInclude Include="spot_with_background.hh">
      <Filter>头文件</Filter>
    </ClInclude>
    <ClInclude Include="storm.h">
      <Filter>头文件</Filter>
    </ClInclude>
    <ClInclude Include="storm_imagery.h">
      <Filter>头文件</Filter>
    </ClInclude>
    <ClInclude Include="utility.h">
      <Filter>头文件</Filter>
    </ClInclude>
  </ItemGroup>
  <ItemGroup>
    <ClCompile Include="image3d.h">
      <Filter>头文件</Filter>
    </ClCompile>
    <ClCompile Include="mersenne.cpp">
      <Filter>源文件</Filter>
    </ClCompile>
    <ClCompile Include="multispot5.cc">
      <Filter>源文件</Filter>
    </ClCompile>
    <ClCompile Include="multispot5_headless.cc">
      <Filter>源文件</Filter>
    </ClCompile>
    <ClCompile Include="multispot5_place_choice.cc">
      <Filter>源文件</Filter>
    </ClCompile>
    <ClCompile Include="multispot5_place_methods.cc">
      <Filter>源文件</Filter>
    </ClCompile>
    <ClCompile Include="storm_imagery.cc">
      <Filter>源文件</Filter>
    </ClCompile>
    <ClCompile Include="storm_imagery_no_load.cc">
      <Filter>源文件</Filter>
    </ClCompile>
    <ClCompile Include="utility.cc">
      <Filter>源文件</Filter>
    </ClCompile>
  </ItemGroup>
</Project>